
Microsoft Visual Studio Solution File, Format Version 12.00
# Visual Studio Version 16
VisualStudioVersion = 16.0.29409.12
MinimumVisualStudioVersion = 10.0.40219.1
Project("{9A19103F-16F7-4668-BE54-9A1E7A4F7556}") = "ParserAPI", "ParserAPI\ParserAPI.csproj", "{9F26F67D-0D69-49F4-AB8D-6C2A555B0EBE}"
EndProject
Project("{888888A0-9F3D-457C-B088-3A5042F75D52}") = "SecondPassNLP", "SecondPassNLP\SecondPassNLP.pyproj", "{8A69FBBB-B9F6-483F-9CBB-4AA7F695967B}"
EndProject
Global
	GlobalSection(SolutionConfigurationPlatforms) = preSolution
		Debug|Any CPU = Debug|Any CPU
		Release|Any CPU = Release|Any CPU
	EndGlobalSection
	GlobalSection(ProjectConfigurationPlatforms) = postSolution
		{9F26F67D-0D69-49F4-AB8D-6C2A555B0EBE}.Debug|Any CPU.ActiveCfg = Debug|Any CPU
		{9F26F67D-0D69-49F4-AB8D-6C2A555B0EBE}.Debug|Any CPU.Build.0 = Debug|Any CPU
		{9F26F67D-0D69-49F4-AB8D-6C2A555B0EBE}.Release|Any CPU.ActiveCfg = Release|Any CPU
		{9F26F67D-0D69-49F4-AB8D-6C2A555B0EBE}.Release|Any CPU.Build.0 = Release|Any CPU
		{8A69FBBB-B9F6-483F-9CBB-4AA7F695967B}.Debug|Any CPU.ActiveCfg = Debug|Any CPU
		{8A69FBBB-B9F6-483F-9CBB-4AA7F695967B}.Release|Any CPU.ActiveCfg = Release|Any CPU
	EndGlobalSection
	GlobalSection(SolutionProperties) = preSolution
		HideSolutionNode = FALSE
	EndGlobalSection
	GlobalSection(ExtensibilityGlobals) = postSolution
		SolutionGuid = {C9209E36-5106-4B4F-9B50-29B2BB784A04}
	EndGlobalSection
EndGlobal
